dependencies:
  espressif/usb:
    component_hash: 6c2cff118141dbbca181d0d27d71801fdddfc78f7ac03ae43f6e5a8cbd89cb99
    dependencies:
    - name: idf
      require: private
      version: '>=5.5.3'
    source:
      registry_url: https://components.espressif.com/
      type: service
    targets:
    - esp32s2
    - esp32s3
    - esp32s31
    - esp32p4
    - esp32h4
    - linux
    version: 1.5.0
  idf:
    source:
      type: idf
    version: 6.2.0
direct_dependencies:
- espressif/usb
- idf
manifest_hash: 0df40091403960cf7ad8ec40196a3b17bd850e981545f8d0cf07db7aa18e917c
target: esp32p4
version: 3.0.0
